PODS:
  - KQTaskNetworkManager (0.1.8)

DEPENDENCIES:
  - KQTaskNetworkManager (from `/Users/pse/Documents/Documents - Muhammad MacBook Pro/KamQasim/Development/Interview_Preperation/KQTaskNetworkManager/`)

EXTERNAL SOURCES:
  KQTaskNetworkManager:
    :path: "/Users/pse/Documents/Documents - Muhammad MacBook Pro/KamQasim/Development/Interview_Preperation/KQTaskNetworkManager/"

SPEC CHECKSUMS:
  KQTaskNetworkManager: e7be88e17c16f0f2235d54f5e5ae3ce569b3af20

PODFILE CHECKSUM: 02e93985069c582f505c1213515c06ffdac55b79

COCOAPODS: 1.12.1
