PODS:
  - KQTaskNetworkManager (0.1.8)

DEPENDENCIES:
  - KQTaskNetworkManager

SPEC REPOS:
  https://github.com/CocoaPods/Specs.git:
    - KQTaskNetworkManager

SPEC CHECKSUMS:
  KQTaskNetworkManager: e7be88e17c16f0f2235d54f5e5ae3ce569b3af20

PODFILE CHECKSUM: 0717847bca53b55d312203fc3fa99a8f4b9ed1c9

COCOAPODS: 1.14.2
